
Microsoft Visual Studio Solution File, Format Version 12.00
# Visual Studio Express 2013 for Windows Desktop
VisualStudioVersion = 12.0.31101.0
MinimumVisualStudioVersion = 10.0.40219.1
Project("{FAE04EC0-301F-11D3-BF4B-00C04F79EFBC}") = "01-02. GoodAbstractionAndEncapsulation", "01-02. GoodAbstractionAndEncapsulation\01-02. GoodAbstractionAndEncapsulation.csproj", "{C67821AA-7094-48EC-B2B9-3616A183E3FB}"
EndProject
Project("{FAE04EC0-301F-11D3-BF4B-00C04F79EFBC}") = "03. CohesionAndCoupling", "03. CohesionAndCoupling\03. CohesionAndCoupling.csproj", "{1287F68F-FB59-43C2-960C-0CAB35D14F54}"
EndProject
Project("{FAE04EC0-301F-11D3-BF4B-00C04F79EFBC}") = "04. InheritanceAndPolymorphism", "04. InheritanceAndPolymorphism\04. InheritanceAndPolymorphism.csproj", "{DD2FF1A9-FEC3-4EAA-9E7C-36B77AE2228D}"
EndProject
Global
	GlobalSection(SolutionConfigurationPlatforms) = preSolution
		Debug|Any CPU = Debug|Any CPU
		Release|Any CPU = Release|Any CPU
	EndGlobalSection
	GlobalSection(ProjectConfigurationPlatforms) = postSolution
		{C67821AA-7094-48EC-B2B9-3616A183E3FB}.Debug|Any CPU.ActiveCfg = Debug|Any CPU
		{C67821AA-7094-48EC-B2B9-3616A183E3FB}.Debug|Any CPU.Build.0 = Debug|Any CPU
		{C67821AA-7094-48EC-B2B9-3616A183E3FB}.Release|Any CPU.ActiveCfg = Release|Any CPU
		{C67821AA-7094-48EC-B2B9-3616A183E3FB}.Release|Any CPU.Build.0 = Release|Any CPU
		{1287F68F-FB59-43C2-960C-0CAB35D14F54}.Debug|Any CPU.ActiveCfg = Debug|Any CPU
		{1287F68F-FB59-43C2-960C-0CAB35D14F54}.Debug|Any CPU.Build.0 = Debug|Any CPU
		{1287F68F-FB59-43C2-960C-0CAB35D14F54}.Release|Any CPU.ActiveCfg = Release|Any CPU
		{1287F68F-FB59-43C2-960C-0CAB35D14F54}.Release|Any CPU.Build.0 = Release|Any CPU
		{DD2FF1A9-FEC3-4EAA-9E7C-36B77AE2228D}.Debug|Any CPU.ActiveCfg = Debug|Any CPU
		{DD2FF1A9-FEC3-4EAA-9E7C-36B77AE2228D}.Debug|Any CPU.Build.0 = Debug|Any CPU
		{DD2FF1A9-FEC3-4EAA-9E7C-36B77AE2228D}.Release|Any CPU.ActiveCfg = Release|Any CPU
		{DD2FF1A9-FEC3-4EAA-9E7C-36B77AE2228D}.Release|Any CPU.Build.0 = Release|Any CPU
	EndGlobalSection
	GlobalSection(SolutionProperties) = preSolution
		HideSolutionNode = FALSE
	EndGlobalSection
EndGlobal
